<?xml version="1.0" encoding="utf-8"?>
<Project ToolsVersion="4.0" xmlns="http://schemas.microsoft.com/developer/msbuild/2003">
  <ItemGroup>
    <Filter Include="Source Files">
      <UniqueIdentifier>{4FC737F1-C7A5-4376-A066-2A32D752A2FF}</UniqueIdentifier>
      <Extensions>cpp;c;cc;cxx;def;odl;idl;hpj;bat;asm;asmx</Extensions>
    </Filter>
    <Filter Include="Header Files">
      <UniqueIdentifier>{93995380-89BD-4b04-88EB-625FBE52EBFB}</UniqueIdentifier>
      <Extensions>h;hh;hpp;hxx;hm;inl;inc;xsd</Extensions>
    </Filter>
    <Filter Include="Resource Files">
      <UniqueIdentifier>{67DA6AB6-F800-4c08-8B7A-83BB121AAD01}</UniqueIdentifier>
      <Extensions>rc;ico;cur;bmp;dlg;rc2;rct;bin;rgs;gif;jpg;jpeg;jpe;resx;tiff;tif;png;wav;mfcribbon-ms</Extensions>
    </Filter>
    <Filter Include="DEV-INFO">
      <UniqueIdentifier>{3a0fd4e0-590e-4aae-b37f-c39f14ae80c7}</UniqueIdentifier>
    </Filter>
    <Filter Include="Header Files\Framework">
      <UniqueIdentifier>{e4d1d894-b34c-43ef-9072-725cafd7a7ef}</UniqueIdentifier>
    </Filter>
    <Filter Include="Header Files\Features">
      <UniqueIdentifier>{d168060b-bcf9-42fa-9c27-23ff87e332a1}</UniqueIdentifier>
    </Filter>
    <Filter Include="Source Files\Framework">
      <UniqueIdentifier>{0c896e18-808e-403d-9f7c-e91389cfbc54}</UniqueIdentifier>
    </Filter>
    <Filter Include="Source Files\Features">
      <UniqueIdentifier>{8ad80a65-abfe-4165-85b4-848b041dda02}</UniqueIdentifier>
    </Filter>
    <Filter Include="Header Files\Util">
      <UniqueIdentifier>{0aa6ed3b-06e9-4b52-9089-c8fd6bb32587}</UniqueIdentifier>
    </Filter>
    <Filter Include="Source Files\Util">
      <UniqueIdentifier>{5645653b-51e1-4dc6-8f07-636f3b45e3d8}</UniqueIdentifier>
    </Filter>
    <Filter Include="Header Files\Framework\Graphics">
      <UniqueIdentifier>{2cc26ed6-c377-40d1-b93a-ded0b729cff5}</UniqueIdentifier>
    </Filter>
    <Filter Include="Source Files\Framework\Graphics">
      <UniqueIdentifier>{37de471c-c840-446d-af53-b7d6b5caa5ff}</UniqueIdentifier>
    </Filter>
  </ItemGroup>
  <ItemGroup>
    <ClCompile Include="Camera.cpp">
      <Filter>Source Files\Features</Filter>
    </ClCompile>
    <ClCompile Include="Clock.cpp">
      <Filter>Source Files\Features</Filter>
    </ClCompile>
    <ClCompile Include="EntityM.cpp">
      <Filter>Source Files\Features</Filter>
    </ClCompile>
    <ClCompile Include="Font.cpp">
      <Filter>Source Files\Features</Filter>
    </ClCompile>
    <ClCompile Include="GLSLProgram.cpp">
      <Filter>Source Files\Features</Filter>
    </ClCompile>
    <ClCompile Include="Light.cpp">
      <Filter>Source Files\Features</Filter>
    </ClCompile>
    <ClCompile Include="Matrix.cpp">
      <Filter>Source Files\Features</Filter>
    </ClCompile>
    <ClCompile Include="Mesh.cpp">
      <Filter>Source Files\Features</Filter>
    </ClCompile>
    <ClCompile Include="MText.cpp">
      <Filter>Source Files\Features</Filter>
    </ClCompile>
    <ClCompile Include="Renderer.cpp">
      <Filter>Source Files\Features</Filter>
    </ClCompile>
    <ClCompile Include="Shaders.cpp">
      <Filter>Source Files\Features</Filter>
    </ClCompile>
    <ClCompile Include="Sprite.cpp">
      <Filter>Source Files\Features</Filter>
    </ClCompile>
    <ClCompile Include="Texture.cpp">
      <Filter>Source Files\Features</Filter>
    </ClCompile>
    <ClCompile Include="TextureBank.cpp">
      <Filter>Source Files\Features</Filter>
    </ClCompile>
    <ClCompile Include="FNTParser.cpp">
      <Filter>Source Files\Util</Filter>
    </ClCompile>
    <ClCompile Include="Util.cpp">
      <Filter>Source Files\Util</Filter>
    </ClCompile>
    <ClCompile Include="Vertex.cpp">
      <Filter>Source Files\Util</Filter>
    </ClCompile>
    <ClCompile Include="QuadCreator.cpp">
      <Filter>Source Files\Framework\Graphics</Filter>
    </ClCompile>
    <ClCompile Include="FRenderer.cpp">
      <Filter>Source Files\Framework\Graphics</Filter>
    </ClCompile>
    <ClCompile Include="MRenderer.cpp">
      <Filter>Source Files</Filter>
    </ClCompile>
    <ClCompile Include="Entity2.cpp">
      <Filter>Source Files</Filter>
    </ClCompile>
    <ClCompile Include="Messaging.cpp">
      <Filter>Source Files</Filter>
    </ClCompile>
  </ItemGroup>
  <ItemGroup>
    <ClInclude Include="Camera.h">
      <Filter>Header Files\Features</Filter>
    </ClInclude>
    <ClInclude Include="Clock.h">
      <Filter>Header Files\Features</Filter>
    </ClInclude>
    <ClInclude Include="EntityM.h">
      <Filter>Header Files\Features</Filter>
    </ClInclude>
    <ClInclude Include="Font.h">
      <Filter>Header Files\Features</Filter>
    </ClInclude>
    <ClInclude Include="GLSLProgram.h">
      <Filter>Header Files\Features</Filter>
    </ClInclude>
    <ClInclude Include="Light.h">
      <Filter>Header Files\Features</Filter>
    </ClInclude>
    <ClInclude Include="Matrix.h">
      <Filter>Header Files\Features</Filter>
    </ClInclude>
    <ClInclude Include="Mesh.h">
      <Filter>Header Files\Features</Filter>
    </ClInclude>
    <ClInclude Include="MText.h">
      <Filter>Header Files\Features</Filter>
    </ClInclude>
    <ClInclude Include="Renderer.h">
      <Filter>Header Files\Features</Filter>
    </ClInclude>
    <ClInclude Include="Shaders.h">
      <Filter>Header Files\Features</Filter>
    </ClInclude>
    <ClInclude Include="Sprite.h">
      <Filter>Header Files\Features</Filter>
    </ClInclude>
    <ClInclude Include="Texture.h">
      <Filter>Header Files\Features</Filter>
    </ClInclude>
    <ClInclude Include="TextureBank.h">
      <Filter>Header Files\Features</Filter>
    </ClInclude>
    <ClInclude Include="Util.h">
      <Filter>Header Files\Util</Filter>
    </ClInclude>
    <ClInclude Include="FNTParser.h">
      <Filter>Header Files\Util</Filter>
    </ClInclude>
    <ClInclude Include="Vertex.h">
      <Filter>Header Files\Util</Filter>
    </ClInclude>
    <ClInclude Include="QuadCreator.h">
      <Filter>Header Files\Framework\Graphics</Filter>
    </ClInclude>
    <ClInclude Include="FRenderer.h">
      <Filter>Header Files\Framework\Graphics</Filter>
    </ClInclude>
    <ClInclude Include="MRenderer.h">
      <Filter>Header Files</Filter>
    </ClInclude>
    <ClInclude Include="Entity2.h">
      <Filter>Header Files</Filter>
    </ClInclude>
    <ClInclude Include="Messaging.h">
      <Filter>Header Files</Filter>
    </ClInclude>
  </ItemGroup>
  <ItemGroup>
    <Text Include="issues.txt">
      <Filter>DEV-INFO</Filter>
    </Text>
  </ItemGroup>
</Project>