<?xml version="1.0" encoding="utf-8"?>
<Project ToolsVersion="4.0" xmlns="http://schemas.microsoft.com/developer/msbuild/2003">
  <ItemGroup>
    <Filter Include="Engine">
      <UniqueIdentifier>{da58dd69-5089-442e-8927-a8e4799ca401}</UniqueIdentifier>
    </Filter>
    <Filter Include="Resources">
      <UniqueIdentifier>{8cf1b6e1-9b09-43e5-b637-e79dee380e67}</UniqueIdentifier>
    </Filter>
    <Filter Include="Resources\Icons">
      <UniqueIdentifier>{5a7c73f3-4852-4cfe-a0ee-515fa5c8a9f6}</UniqueIdentifier>
    </Filter>
  </ItemGroup>
  <ItemGroup>
    <ClInclude Include="$(MSBuildThisFileDirectory)M3D.h">
      <Filter>Engine</Filter>
    </ClInclude>
    <ClInclude Include="$(MSBuildThisFileDirectory)M3D_gui.h">
      <Filter>Engine</Filter>
    </ClInclude>
    <ClInclude Include="$(MSBuildThisFileDirectory)M3DFW.h">
      <Filter>Engine</Filter>
    </ClInclude>
    <ClInclude Include="$(MSBuildThisFileDirectory)MFiles.h" />
  </ItemGroup>
  <ItemGroup>
    <Image Include="$(MSBuildThisFileDirectory)..\Icons\m3dlogo_icon.ico">
      <Filter>Resources\Icons</Filter>
    </Image>
  </ItemGroup>
</Project>